{
  "name": "react-editor-js",
  "version": "1.0.0",
  "lockfileVersion": 1,
  "requires": true,
  "dependencies": {
    "@editorjs/attaches": {
      "version": "1.0.1",
      "resolved": "https://registry.npmjs.org/@editorjs/attaches/-/attaches-1.0.1.tgz",
      "integrity": "sha512-jCCIQixivzZ6ZbDC8z4WAkEwzOJk+yxyPDDq4w3xmBMUTgZoIBFCzp7HEKwM13YFfC1SS4KVJGIFbcdDZBswFg=="
    }
  }
}
